
Microsoft Visual Studio Solution File, Format Version 12.00
# Visual Studio Version 17
VisualStudioVersion = 17.8.34316.72
MinimumVisualStudioVersion = 10.0.40219.1
Project("{9A19103F-16F7-4668-BE54-9A1E7A4F7556}") = "PoshSvn", "PoshSvn\PoshSvn.csproj", "{9F7A62EF-F20C-4249-B00B-17F9380B7564}"
EndProject
Project("{2150E333-8FDC-42A3-9474-1A3956D46DE8}") = "Solution Items", "Solution Items", "{99FBE8C5-F431-4596-BB22-56EE1C9D9BC2}"
	ProjectSection(SolutionItems) = preProject
		.editorconfig = .editorconfig
		CHANGELOG.md = CHANGELOG.md
		Directory.build.props = Directory.build.props
		Directory.build.targets = Directory.build.targets
		README.md = README.md
		vcpkg-configuration.json = vcpkg-configuration.json
		vcpkg.json = vcpkg.json
		Version.props = Version.props
	EndProjectSection
EndProject
Project("{9A19103F-16F7-4668-BE54-9A1E7A4F7556}") = "PoshSvn.Docs", "PoshSvn.Docs\PoshSvn.Docs.csproj", "{A13EF230-D9BB-4EB0-954E-087218D9C00A}"
EndProject
Project("{9A19103F-16F7-4668-BE54-9A1E7A4F7556}") = "PoshSvn.Package", "PoshSvn.Package\PoshSvn.Package.csproj", "{24B7B9AD-468F-4B36-975A-97284854A376}"
EndProject
Project("{9A19103F-16F7-4668-BE54-9A1E7A4F7556}") = "PoshSvn.Static", "PoshSvn.Static\PoshSvn.Static.csproj", "{7B9894BD-1127-42B0-AC6B-3FE2E20526D3}"
EndProject
Project("{8BC9CEB8-8B4A-11D0-8D11-00A0C91BC942}") = "SharpSvn", "SharpSvn\SharpSvn.vcxproj", "{6DD8A600-5A7E-4B7A-91EE-86AB78F58AAC}"
EndProject
Project("{8BC9CEB8-8B4A-11D0-8D11-00A0C91BC942}") = "SvnDist", "SvnDist\SvnDist.vcxproj", "{A2E0BF22-EDCF-4FF4-AA6B-837794AFC581}"
EndProject
Project("{B7DD6F7E-DEF8-4E67-B5B7-07EF123DB6F0}") = "Installer", "Installer\Installer.wixproj", "{E64EC448-3CB1-4F13-B876-47A48ED0D28C}"
EndProject
Project("{9A19103F-16F7-4668-BE54-9A1E7A4F7556}") = "PoshSvn.VSCode", "PoshSvn.vscode\PoshSvn.VSCode.csproj", "{6B308516-D9CF-472A-AF97-03809AB6CC43}"
EndProject
Project("{2150E333-8FDC-42A3-9474-1A3956D46DE8}") = "GitHub Workflows", "GitHub Workflows", "{E35BCAD3-8D77-45F0-B923-CDA192F1512A}"
	ProjectSection(SolutionItems) = preProject
		.github\workflows\build.yml = .github\workflows\build.yml
		.github\workflows\release.yml = .github\workflows\release.yml
		.github\workflows\website.yml = .github\workflows\website.yml
	EndProjectSection
EndProject
Project("{8BC9CEB8-8B4A-11D0-8D11-00A0C91BC942}") = "vcpkg", "vcpkg\vcpkg.vcxproj", "{0A2698FD-FF14-499A-A817-09EA18808552}"
EndProject
Project("{9A19103F-16F7-4668-BE54-9A1E7A4F7556}") = "PoshSvn.Common.Tests", "PoshSvn.Common.Tests\PoshSvn.Common.Tests.csproj", "{2B025C1B-07C1-4DD0-9E6B-C7A250765901}"
EndProject
Project("{9A19103F-16F7-4668-BE54-9A1E7A4F7556}") = "PoshSvn.Common", "PoshSvn.Common\PoshSvn.Common.csproj", "{294E9DAB-00CD-4410-AE8C-0AC3B30E60C4}"
EndProject
Project("{9A19103F-16F7-4668-BE54-9A1E7A4F7556}") = "PoshSvn.Tests", "PoshSvn.Tests\PoshSvn.Tests.csproj", "{412A1EE2-A6E4-46F7-A58E-10B33BBFC9DE}"
EndProject
Project("{D954291E-2A0B-460D-934E-DC6B0785DB48}") = "MSBuild", "MSBuild\MSBuild.shproj", "{D613EBB3-1341-4FD8-B8B2-1BDB461033CC}"
EndProject
Global
	GlobalSection(SolutionConfigurationPlatforms) = preSolution
		Debug|x64 = Debug|x64
		Debug|x86 = Debug|x86
		Release|x64 = Release|x64
		Release|x86 = Release|x86
	EndGlobalSection
	GlobalSection(ProjectConfigurationPlatforms) = postSolution
		{9F7A62EF-F20C-4249-B00B-17F9380B7564}.Debug|x64.ActiveCfg = Debug|x64
		{9F7A62EF-F20C-4249-B00B-17F9380B7564}.Debug|x64.Build.0 = Debug|x64
		{9F7A62EF-F20C-4249-B00B-17F9380B7564}.Debug|x86.ActiveCfg = Debug|x64
		{9F7A62EF-F20C-4249-B00B-17F9380B7564}.Debug|x86.Build.0 = Debug|x64
		{9F7A62EF-F20C-4249-B00B-17F9380B7564}.Release|x64.ActiveCfg = Release|x64
		{9F7A62EF-F20C-4249-B00B-17F9380B7564}.Release|x64.Build.0 = Release|x64
		{9F7A62EF-F20C-4249-B00B-17F9380B7564}.Release|x86.ActiveCfg = Release|x64
		{9F7A62EF-F20C-4249-B00B-17F9380B7564}.Release|x86.Build.0 = Release|x64
		{A13EF230-D9BB-4EB0-954E-087218D9C00A}.Debug|x64.ActiveCfg = Debug|Any CPU
		{A13EF230-D9BB-4EB0-954E-087218D9C00A}.Debug|x64.Build.0 = Debug|Any CPU
		{A13EF230-D9BB-4EB0-954E-087218D9C00A}.Debug|x86.ActiveCfg = Debug|Any CPU
		{A13EF230-D9BB-4EB0-954E-087218D9C00A}.Debug|x86.Build.0 = Debug|Any CPU
		{A13EF230-D9BB-4EB0-954E-087218D9C00A}.Release|x64.ActiveCfg = Release|Any CPU
		{A13EF230-D9BB-4EB0-954E-087218D9C00A}.Release|x64.Build.0 = Release|Any CPU
		{A13EF230-D9BB-4EB0-954E-087218D9C00A}.Release|x86.ActiveCfg = Release|Any CPU
		{A13EF230-D9BB-4EB0-954E-087218D9C00A}.Release|x86.Build.0 = Release|Any CPU
		{24B7B9AD-468F-4B36-975A-97284854A376}.Debug|x64.ActiveCfg = Debug|Any CPU
		{24B7B9AD-468F-4B36-975A-97284854A376}.Debug|x64.Build.0 = Debug|Any CPU
		{24B7B9AD-468F-4B36-975A-97284854A376}.Debug|x86.ActiveCfg = Debug|Any CPU
		{24B7B9AD-468F-4B36-975A-97284854A376}.Debug|x86.Build.0 = Debug|Any CPU
		{24B7B9AD-468F-4B36-975A-97284854A376}.Release|x64.ActiveCfg = Release|Any CPU
		{24B7B9AD-468F-4B36-975A-97284854A376}.Release|x64.Build.0 = Release|Any CPU
		{24B7B9AD-468F-4B36-975A-97284854A376}.Release|x86.ActiveCfg = Release|Any CPU
		{24B7B9AD-468F-4B36-975A-97284854A376}.Release|x86.Build.0 = Release|Any CPU
		{7B9894BD-1127-42B0-AC6B-3FE2E20526D3}.Debug|x64.ActiveCfg = Debug|Any CPU
		{7B9894BD-1127-42B0-AC6B-3FE2E20526D3}.Debug|x64.Build.0 = Debug|Any CPU
		{7B9894BD-1127-42B0-AC6B-3FE2E20526D3}.Debug|x86.ActiveCfg = Debug|Any CPU
		{7B9894BD-1127-42B0-AC6B-3FE2E20526D3}.Debug|x86.Build.0 = Debug|Any CPU
		{7B9894BD-1127-42B0-AC6B-3FE2E20526D3}.Release|x64.ActiveCfg = Release|Any CPU
		{7B9894BD-1127-42B0-AC6B-3FE2E20526D3}.Release|x64.Build.0 = Release|Any CPU
		{7B9894BD-1127-42B0-AC6B-3FE2E20526D3}.Release|x86.ActiveCfg = Release|Any CPU
		{7B9894BD-1127-42B0-AC6B-3FE2E20526D3}.Release|x86.Build.0 = Release|Any CPU
		{6DD8A600-5A7E-4B7A-91EE-86AB78F58AAC}.Debug|x64.ActiveCfg = Debug|x64
		{6DD8A600-5A7E-4B7A-91EE-86AB78F58AAC}.Debug|x64.Build.0 = Debug|x64
		{6DD8A600-5A7E-4B7A-91EE-86AB78F58AAC}.Debug|x86.ActiveCfg = Debug|Win32
		{6DD8A600-5A7E-4B7A-91EE-86AB78F58AAC}.Debug|x86.Build.0 = Debug|Win32
		{6DD8A600-5A7E-4B7A-91EE-86AB78F58AAC}.Release|x64.ActiveCfg = Release|x64
		{6DD8A600-5A7E-4B7A-91EE-86AB78F58AAC}.Release|x64.Build.0 = Release|x64
		{6DD8A600-5A7E-4B7A-91EE-86AB78F58AAC}.Release|x86.ActiveCfg = Release|Win32
		{6DD8A600-5A7E-4B7A-91EE-86AB78F58AAC}.Release|x86.Build.0 = Release|Win32
		{A2E0BF22-EDCF-4FF4-AA6B-837794AFC581}.Debug|x64.ActiveCfg = Debug|x64
		{A2E0BF22-EDCF-4FF4-AA6B-837794AFC581}.Debug|x64.Build.0 = Debug|x64
		{A2E0BF22-EDCF-4FF4-AA6B-837794AFC581}.Debug|x86.ActiveCfg = Debug|Win32
		{A2E0BF22-EDCF-4FF4-AA6B-837794AFC581}.Debug|x86.Build.0 = Debug|Win32
		{A2E0BF22-EDCF-4FF4-AA6B-837794AFC581}.Release|x64.ActiveCfg = Release|x64
		{A2E0BF22-EDCF-4FF4-AA6B-837794AFC581}.Release|x64.Build.0 = Release|x64
		{A2E0BF22-EDCF-4FF4-AA6B-837794AFC581}.Release|x86.ActiveCfg = Release|Win32
		{A2E0BF22-EDCF-4FF4-AA6B-837794AFC581}.Release|x86.Build.0 = Release|Win32
		{E64EC448-3CB1-4F13-B876-47A48ED0D28C}.Debug|x64.ActiveCfg = Debug|x64
		{E64EC448-3CB1-4F13-B876-47A48ED0D28C}.Debug|x64.Build.0 = Debug|x64
		{E64EC448-3CB1-4F13-B876-47A48ED0D28C}.Debug|x86.ActiveCfg = Debug|x86
		{E64EC448-3CB1-4F13-B876-47A48ED0D28C}.Debug|x86.Build.0 = Debug|x86
		{E64EC448-3CB1-4F13-B876-47A48ED0D28C}.Release|x64.ActiveCfg = Release|x64
		{E64EC448-3CB1-4F13-B876-47A48ED0D28C}.Release|x64.Build.0 = Release|x64
		{E64EC448-3CB1-4F13-B876-47A48ED0D28C}.Release|x86.ActiveCfg = Release|x86
		{E64EC448-3CB1-4F13-B876-47A48ED0D28C}.Release|x86.Build.0 = Release|x86
		{6B308516-D9CF-472A-AF97-03809AB6CC43}.Debug|x64.ActiveCfg = Debug|Any CPU
		{6B308516-D9CF-472A-AF97-03809AB6CC43}.Debug|x64.Build.0 = Debug|Any CPU
		{6B308516-D9CF-472A-AF97-03809AB6CC43}.Debug|x86.ActiveCfg = Debug|Any CPU
		{6B308516-D9CF-472A-AF97-03809AB6CC43}.Debug|x86.Build.0 = Debug|Any CPU
		{6B308516-D9CF-472A-AF97-03809AB6CC43}.Release|x64.ActiveCfg = Release|Any CPU
		{6B308516-D9CF-472A-AF97-03809AB6CC43}.Release|x64.Build.0 = Release|Any CPU
		{6B308516-D9CF-472A-AF97-03809AB6CC43}.Release|x86.ActiveCfg = Release|Any CPU
		{6B308516-D9CF-472A-AF97-03809AB6CC43}.Release|x86.Build.0 = Release|Any CPU
		{0A2698FD-FF14-499A-A817-09EA18808552}.Debug|x64.ActiveCfg = Debug|x64
		{0A2698FD-FF14-499A-A817-09EA18808552}.Debug|x64.Build.0 = Debug|x64
		{0A2698FD-FF14-499A-A817-09EA18808552}.Debug|x86.ActiveCfg = Debug|Win32
		{0A2698FD-FF14-499A-A817-09EA18808552}.Debug|x86.Build.0 = Debug|Win32
		{0A2698FD-FF14-499A-A817-09EA18808552}.Release|x64.ActiveCfg = Release|x64
		{0A2698FD-FF14-499A-A817-09EA18808552}.Release|x64.Build.0 = Release|x64
		{0A2698FD-FF14-499A-A817-09EA18808552}.Release|x86.ActiveCfg = Release|Win32
		{0A2698FD-FF14-499A-A817-09EA18808552}.Release|x86.Build.0 = Release|Win32
		{2B025C1B-07C1-4DD0-9E6B-C7A250765901}.Debug|x64.ActiveCfg = Debug|Any CPU
		{2B025C1B-07C1-4DD0-9E6B-C7A250765901}.Debug|x64.Build.0 = Debug|Any CPU
		{2B025C1B-07C1-4DD0-9E6B-C7A250765901}.Debug|x86.ActiveCfg = Debug|Any CPU
		{2B025C1B-07C1-4DD0-9E6B-C7A250765901}.Debug|x86.Build.0 = Debug|Any CPU
		{2B025C1B-07C1-4DD0-9E6B-C7A250765901}.Release|x64.ActiveCfg = Release|Any CPU
		{2B025C1B-07C1-4DD0-9E6B-C7A250765901}.Release|x64.Build.0 = Release|Any CPU
		{2B025C1B-07C1-4DD0-9E6B-C7A250765901}.Release|x86.ActiveCfg = Release|Any CPU
		{2B025C1B-07C1-4DD0-9E6B-C7A250765901}.Release|x86.Build.0 = Release|Any CPU
		{294E9DAB-00CD-4410-AE8C-0AC3B30E60C4}.Debug|x64.ActiveCfg = Debug|Any CPU
		{294E9DAB-00CD-4410-AE8C-0AC3B30E60C4}.Debug|x64.Build.0 = Debug|Any CPU
		{294E9DAB-00CD-4410-AE8C-0AC3B30E60C4}.Debug|x86.ActiveCfg = Debug|Any CPU
		{294E9DAB-00CD-4410-AE8C-0AC3B30E60C4}.Debug|x86.Build.0 = Debug|Any CPU
		{294E9DAB-00CD-4410-AE8C-0AC3B30E60C4}.Release|x64.ActiveCfg = Release|Any CPU
		{294E9DAB-00CD-4410-AE8C-0AC3B30E60C4}.Release|x64.Build.0 = Release|Any CPU
		{294E9DAB-00CD-4410-AE8C-0AC3B30E60C4}.Release|x86.ActiveCfg = Release|Any CPU
		{294E9DAB-00CD-4410-AE8C-0AC3B30E60C4}.Release|x86.Build.0 = Release|Any CPU
		{412A1EE2-A6E4-46F7-A58E-10B33BBFC9DE}.Debug|x64.ActiveCfg = Debug|x64
		{412A1EE2-A6E4-46F7-A58E-10B33BBFC9DE}.Debug|x64.Build.0 = Debug|x64
		{412A1EE2-A6E4-46F7-A58E-10B33BBFC9DE}.Debug|x86.ActiveCfg = Debug|x64
		{412A1EE2-A6E4-46F7-A58E-10B33BBFC9DE}.Debug|x86.Build.0 = Debug|x64
		{412A1EE2-A6E4-46F7-A58E-10B33BBFC9DE}.Release|x64.ActiveCfg = Release|x64
		{412A1EE2-A6E4-46F7-A58E-10B33BBFC9DE}.Release|x64.Build.0 = Release|x64
		{412A1EE2-A6E4-46F7-A58E-10B33BBFC9DE}.Release|x86.ActiveCfg = Release|x64
		{412A1EE2-A6E4-46F7-A58E-10B33BBFC9DE}.Release|x86.Build.0 = Release|x64
	EndGlobalSection
	GlobalSection(SolutionProperties) = preSolution
		HideSolutionNode = FALSE
	EndGlobalSection
	GlobalSection(ExtensibilityGlobals) = postSolution
		SolutionGuid = {274583D4-1049-47E6-B9A5-E02957264A99}
	EndGlobalSection
EndGlobal
