
Microsoft Visual Studio Solution File, Format Version 12.00
# Visual Studio Version 17
VisualStudioVersion = 17.8.34316.72
MinimumVisualStudioVersion = 10.0.40219.1
Project("{9A19103F-16F7-4668-BE54-9A1E7A4F7556}") = "PoshSvn", "PoshSvn\PoshSvn.csproj", "{9F7A62EF-F20C-4249-B00B-17F9380B7564}"
EndProject
Project("{2150E333-8FDC-42A3-9474-1A3956D46DE8}") = "Solution Items", "Solution Items", "{99FBE8C5-F431-4596-BB22-56EE1C9D9BC2}"
	ProjectSection(SolutionItems) = preProject
		.editorconfig = .editorconfig
		CHANGELOG.md = CHANGELOG.md
		Default.runsettings = Default.runsettings
		Directory.build.props = Directory.build.props
		Directory.build.targets = Directory.build.targets
		README.md = README.md
		ToolPresets.props = ToolPresets.props
		vcpkg-configuration.json = vcpkg-configuration.json
		vcpkg.json = vcpkg.json
		vcpkg.props = vcpkg.props
		vcpkg.targets = vcpkg.targets
		Version.props = Version.props
	EndProjectSection
EndProject
Project("{9A19103F-16F7-4668-BE54-9A1E7A4F7556}") = "PoshSvn.Tests", "PoshSvn.Tests\PoshSvn.Tests.csproj", "{A1B1668F-130B-4254-9143-4ABD20CF12D7}"
EndProject
Project("{9A19103F-16F7-4668-BE54-9A1E7A4F7556}") = "PoshSvn.Docs", "PoshSvn.Docs\PoshSvn.Docs.csproj", "{A13EF230-D9BB-4EB0-954E-087218D9C00A}"
EndProject
Project("{9A19103F-16F7-4668-BE54-9A1E7A4F7556}") = "PoshSvn.Package", "PoshSvn.Package\PoshSvn.Package.csproj", "{24B7B9AD-468F-4B36-975A-97284854A376}"
EndProject
Project("{9A19103F-16F7-4668-BE54-9A1E7A4F7556}") = "PoshSvn.Static", "PoshSvn.Static\PoshSvn.Static.csproj", "{7B9894BD-1127-42B0-AC6B-3FE2E20526D3}"
EndProject
Project("{9A19103F-16F7-4668-BE54-9A1E7A4F7556}") = "Errors2Enum", "Errors2Enum\Errors2Enum.csproj", "{E51D89F4-171E-4FA6-9E71-62F337A3FE5C}"
EndProject
Project("{8BC9CEB8-8B4A-11D0-8D11-00A0C91BC942}") = "SharpSvn", "SharpSvn\SharpSvn.vcxproj", "{6DD8A600-5A7E-4B7A-91EE-86AB78F58AAC}"
EndProject
Project("{9A19103F-16F7-4668-BE54-9A1E7A4F7556}") = "Po2Resx", "Po2Resx\Po2Resx.csproj", "{D38D2985-65CF-479B-BE84-DBA1C754AA2F}"
EndProject
Project("{8BC9CEB8-8B4A-11D0-8D11-00A0C91BC942}") = "SvnDist", "SvnDist\SvnDist.vcxproj", "{A2E0BF22-EDCF-4FF4-AA6B-837794AFC581}"
EndProject
Project("{9A19103F-16F7-4668-BE54-9A1E7A4F7556}") = "MSBuild", "MSBuild\MSBuild.csproj", "{96EAF085-1A08-4AFE-8CA9-AF137E240FD0}"
EndProject
Project("{B7DD6F7E-DEF8-4E67-B5B7-07EF123DB6F0}") = "Installer", "Installer\Installer.wixproj", "{E64EC448-3CB1-4F13-B876-47A48ED0D28C}"
EndProject
Global
	GlobalSection(SolutionConfigurationPlatforms) = preSolution
		Debug|x64 = Debug|x64
		Debug|x86 = Debug|x86
		Release|x64 = Release|x64
		Release|x86 = Release|x86
	EndGlobalSection
	GlobalSection(ProjectConfigurationPlatforms) = postSolution
		{9F7A62EF-F20C-4249-B00B-17F9380B7564}.Debug|x64.ActiveCfg = Debug|x64
		{9F7A62EF-F20C-4249-B00B-17F9380B7564}.Debug|x64.Build.0 = Debug|x64
		{9F7A62EF-F20C-4249-B00B-17F9380B7564}.Debug|x86.ActiveCfg = Debug|x64
		{9F7A62EF-F20C-4249-B00B-17F9380B7564}.Debug|x86.Build.0 = Debug|x64
		{9F7A62EF-F20C-4249-B00B-17F9380B7564}.Release|x64.ActiveCfg = Release|x64
		{9F7A62EF-F20C-4249-B00B-17F9380B7564}.Release|x64.Build.0 = Release|x64
		{9F7A62EF-F20C-4249-B00B-17F9380B7564}.Release|x86.ActiveCfg = Release|x64
		{9F7A62EF-F20C-4249-B00B-17F9380B7564}.Release|x86.Build.0 = Release|x64
		{A1B1668F-130B-4254-9143-4ABD20CF12D7}.Debug|x64.ActiveCfg = Debug|x64
		{A1B1668F-130B-4254-9143-4ABD20CF12D7}.Debug|x64.Build.0 = Debug|x64
		{A1B1668F-130B-4254-9143-4ABD20CF12D7}.Debug|x86.ActiveCfg = Debug|x64
		{A1B1668F-130B-4254-9143-4ABD20CF12D7}.Debug|x86.Build.0 = Debug|x64
		{A1B1668F-130B-4254-9143-4ABD20CF12D7}.Release|x64.ActiveCfg = Release|x64
		{A1B1668F-130B-4254-9143-4ABD20CF12D7}.Release|x64.Build.0 = Release|x64
		{A1B1668F-130B-4254-9143-4ABD20CF12D7}.Release|x86.ActiveCfg = Release|x64
		{A1B1668F-130B-4254-9143-4ABD20CF12D7}.Release|x86.Build.0 = Release|x64
		{A13EF230-D9BB-4EB0-954E-087218D9C00A}.Debug|x64.ActiveCfg = Debug|Any CPU
		{A13EF230-D9BB-4EB0-954E-087218D9C00A}.Debug|x64.Build.0 = Debug|Any CPU
		{A13EF230-D9BB-4EB0-954E-087218D9C00A}.Debug|x86.ActiveCfg = Debug|Any CPU
		{A13EF230-D9BB-4EB0-954E-087218D9C00A}.Debug|x86.Build.0 = Debug|Any CPU
		{A13EF230-D9BB-4EB0-954E-087218D9C00A}.Release|x64.ActiveCfg = Release|Any CPU
		{A13EF230-D9BB-4EB0-954E-087218D9C00A}.Release|x64.Build.0 = Release|Any CPU
		{A13EF230-D9BB-4EB0-954E-087218D9C00A}.Release|x86.ActiveCfg = Release|Any CPU
		{A13EF230-D9BB-4EB0-954E-087218D9C00A}.Release|x86.Build.0 = Release|Any CPU
		{24B7B9AD-468F-4B36-975A-97284854A376}.Debug|x64.ActiveCfg = Debug|Any CPU
		{24B7B9AD-468F-4B36-975A-97284854A376}.Debug|x64.Build.0 = Debug|Any CPU
		{24B7B9AD-468F-4B36-975A-97284854A376}.Debug|x86.ActiveCfg = Debug|Any CPU
		{24B7B9AD-468F-4B36-975A-97284854A376}.Debug|x86.Build.0 = Debug|Any CPU
		{24B7B9AD-468F-4B36-975A-97284854A376}.Release|x64.ActiveCfg = Release|Any CPU
		{24B7B9AD-468F-4B36-975A-97284854A376}.Release|x64.Build.0 = Release|Any CPU
		{24B7B9AD-468F-4B36-975A-97284854A376}.Release|x86.ActiveCfg = Release|Any CPU
		{24B7B9AD-468F-4B36-975A-97284854A376}.Release|x86.Build.0 = Release|Any CPU
		{7B9894BD-1127-42B0-AC6B-3FE2E20526D3}.Debug|x64.ActiveCfg = Debug|Any CPU
		{7B9894BD-1127-42B0-AC6B-3FE2E20526D3}.Debug|x64.Build.0 = Debug|Any CPU
		{7B9894BD-1127-42B0-AC6B-3FE2E20526D3}.Debug|x86.ActiveCfg = Debug|Any CPU
		{7B9894BD-1127-42B0-AC6B-3FE2E20526D3}.Debug|x86.Build.0 = Debug|Any CPU
		{7B9894BD-1127-42B0-AC6B-3FE2E20526D3}.Release|x64.ActiveCfg = Release|Any CPU
		{7B9894BD-1127-42B0-AC6B-3FE2E20526D3}.Release|x64.Build.0 = Release|Any CPU
		{7B9894BD-1127-42B0-AC6B-3FE2E20526D3}.Release|x86.ActiveCfg = Release|Any CPU
		{7B9894BD-1127-42B0-AC6B-3FE2E20526D3}.Release|x86.Build.0 = Release|Any CPU
		{E51D89F4-171E-4FA6-9E71-62F337A3FE5C}.Debug|x64.ActiveCfg = Debug|Any CPU
		{E51D89F4-171E-4FA6-9E71-62F337A3FE5C}.Debug|x64.Build.0 = Debug|Any CPU
		{E51D89F4-171E-4FA6-9E71-62F337A3FE5C}.Debug|x86.ActiveCfg = Debug|Any CPU
		{E51D89F4-171E-4FA6-9E71-62F337A3FE5C}.Debug|x86.Build.0 = Debug|Any CPU
		{E51D89F4-171E-4FA6-9E71-62F337A3FE5C}.Release|x64.ActiveCfg = Release|Any CPU
		{E51D89F4-171E-4FA6-9E71-62F337A3FE5C}.Release|x64.Build.0 = Release|Any CPU
		{E51D89F4-171E-4FA6-9E71-62F337A3FE5C}.Release|x86.ActiveCfg = Release|Any CPU
		{E51D89F4-171E-4FA6-9E71-62F337A3FE5C}.Release|x86.Build.0 = Release|Any CPU
		{6DD8A600-5A7E-4B7A-91EE-86AB78F58AAC}.Debug|x64.ActiveCfg = Debug|x64
		{6DD8A600-5A7E-4B7A-91EE-86AB78F58AAC}.Debug|x64.Build.0 = Debug|x64
		{6DD8A600-5A7E-4B7A-91EE-86AB78F58AAC}.Debug|x86.ActiveCfg = Debug|Win32
		{6DD8A600-5A7E-4B7A-91EE-86AB78F58AAC}.Debug|x86.Build.0 = Debug|Win32
		{6DD8A600-5A7E-4B7A-91EE-86AB78F58AAC}.Release|x64.ActiveCfg = Release|x64
		{6DD8A600-5A7E-4B7A-91EE-86AB78F58AAC}.Release|x64.Build.0 = Release|x64
		{6DD8A600-5A7E-4B7A-91EE-86AB78F58AAC}.Release|x86.ActiveCfg = Release|Win32
		{6DD8A600-5A7E-4B7A-91EE-86AB78F58AAC}.Release|x86.Build.0 = Release|Win32
		{D38D2985-65CF-479B-BE84-DBA1C754AA2F}.Debug|x64.ActiveCfg = Debug|Any CPU
		{D38D2985-65CF-479B-BE84-DBA1C754AA2F}.Debug|x64.Build.0 = Debug|Any CPU
		{D38D2985-65CF-479B-BE84-DBA1C754AA2F}.Debug|x86.ActiveCfg = Debug|Any CPU
		{D38D2985-65CF-479B-BE84-DBA1C754AA2F}.Debug|x86.Build.0 = Debug|Any CPU
		{D38D2985-65CF-479B-BE84-DBA1C754AA2F}.Release|x64.ActiveCfg = Release|Any CPU
		{D38D2985-65CF-479B-BE84-DBA1C754AA2F}.Release|x64.Build.0 = Release|Any CPU
		{D38D2985-65CF-479B-BE84-DBA1C754AA2F}.Release|x86.ActiveCfg = Release|Any CPU
		{D38D2985-65CF-479B-BE84-DBA1C754AA2F}.Release|x86.Build.0 = Release|Any CPU
		{A2E0BF22-EDCF-4FF4-AA6B-837794AFC581}.Debug|x64.ActiveCfg = Debug|x64
		{A2E0BF22-EDCF-4FF4-AA6B-837794AFC581}.Debug|x64.Build.0 = Debug|x64
		{A2E0BF22-EDCF-4FF4-AA6B-837794AFC581}.Debug|x86.ActiveCfg = Debug|Win32
		{A2E0BF22-EDCF-4FF4-AA6B-837794AFC581}.Debug|x86.Build.0 = Debug|Win32
		{A2E0BF22-EDCF-4FF4-AA6B-837794AFC581}.Release|x64.ActiveCfg = Release|x64
		{A2E0BF22-EDCF-4FF4-AA6B-837794AFC581}.Release|x64.Build.0 = Release|x64
		{A2E0BF22-EDCF-4FF4-AA6B-837794AFC581}.Release|x86.ActiveCfg = Release|Win32
		{A2E0BF22-EDCF-4FF4-AA6B-837794AFC581}.Release|x86.Build.0 = Release|Win32
		{96EAF085-1A08-4AFE-8CA9-AF137E240FD0}.Debug|x64.ActiveCfg = Debug|Any CPU
		{96EAF085-1A08-4AFE-8CA9-AF137E240FD0}.Debug|x64.Build.0 = Debug|Any CPU
		{96EAF085-1A08-4AFE-8CA9-AF137E240FD0}.Debug|x86.ActiveCfg = Debug|Any CPU
		{96EAF085-1A08-4AFE-8CA9-AF137E240FD0}.Debug|x86.Build.0 = Debug|Any CPU
		{96EAF085-1A08-4AFE-8CA9-AF137E240FD0}.Release|x64.ActiveCfg = Release|Any CPU
		{96EAF085-1A08-4AFE-8CA9-AF137E240FD0}.Release|x64.Build.0 = Release|Any CPU
		{96EAF085-1A08-4AFE-8CA9-AF137E240FD0}.Release|x86.ActiveCfg = Release|Any CPU
		{96EAF085-1A08-4AFE-8CA9-AF137E240FD0}.Release|x86.Build.0 = Release|Any CPU
		{E64EC448-3CB1-4F13-B876-47A48ED0D28C}.Debug|x64.ActiveCfg = Debug|x64
		{E64EC448-3CB1-4F13-B876-47A48ED0D28C}.Debug|x64.Build.0 = Debug|x64
		{E64EC448-3CB1-4F13-B876-47A48ED0D28C}.Debug|x86.ActiveCfg = Debug|x86
		{E64EC448-3CB1-4F13-B876-47A48ED0D28C}.Debug|x86.Build.0 = Debug|x86
		{E64EC448-3CB1-4F13-B876-47A48ED0D28C}.Release|x64.ActiveCfg = Release|x64
		{E64EC448-3CB1-4F13-B876-47A48ED0D28C}.Release|x64.Build.0 = Release|x64
		{E64EC448-3CB1-4F13-B876-47A48ED0D28C}.Release|x86.ActiveCfg = Release|x86
		{E64EC448-3CB1-4F13-B876-47A48ED0D28C}.Release|x86.Build.0 = Release|x86
	EndGlobalSection
	GlobalSection(SolutionProperties) = preSolution
		HideSolutionNode = FALSE
	EndGlobalSection
	GlobalSection(ExtensibilityGlobals) = postSolution
		SolutionGuid = {274583D4-1049-47E6-B9A5-E02957264A99}
	EndGlobalSection
EndGlobal
