{
  "name": "poshsvn",
  "version": "0.4.0",
  "lockfileVersion": 3,
  "requires": true,
  "packages": {
    "": {
      "name": "poshsvn",
      "version": "0.4.0",
      "devDependencies": {
        "@types/node": "18.x",
        "@types/vscode": "^1.87.0",
        "typescript": "^5.3.3"
      },
      "engines": {
        "vscode": "^1.87.0"
      }
    },
    "node_modules/@types/node": {
      "version": "18.19.26",
      "resolved": "https://registry.npmjs.org/@types/node/-/node-18.19.26.tgz",
      "integrity": "sha512-+wiMJsIwLOYCvUqSdKTrfkS8mpTp+MPINe6+Np4TAGFWWRWiBQ5kSq9nZGCSPkzx9mvT+uEukzpX4MOSCydcvw==",
      "dev": true,
      "dependencies": {
        "undici-types": "~5.26.4"
      }
    },
    "node_modules/@types/vscode": {
      "version": "1.87.0",
      "resolved": "https://registry.npmjs.org/@types/vscode/-/vscode-1.87.0.tgz",
      "integrity": "sha512-y3yYJV2esWr8LNjp3VNbSMWG7Y43jC8pCldG8YwiHGAQbsymkkMMt0aDT1xZIOFM2eFcNiUc+dJMx1+Z0UT8fg==",
      "dev": true
    },
    "node_modules/typescript": {
      "version": "5.4.3",
      "resolved": "https://registry.npmjs.org/typescript/-/typescript-5.4.3.tgz",
      "integrity": "sha512-KrPd3PKaCLr78MalgiwJnA25Nm8HAmdwN3mYUYZgG/wizIo9EainNVQI9/yDavtVFRN2h3k8uf3GLHuhDMgEHg==",
      "dev": true,
      "bin": {
        "tsc": "bin/tsc",
        "tsserver": "bin/tsserver"
      },
      "engines": {
        "node": ">=14.17"
      }
    },
    "node_modules/undici-types": {
      "version": "5.26.5",
      "resolved": "https://registry.npmjs.org/undici-types/-/undici-types-5.26.5.tgz",
      "integrity": "sha512-JlCMO+ehdEIKqlFxk6IfVoAUVmgz7cU7zD/h9XZ0qzeosSHmUJVOzSQvvYSYWXkFXC+IfLKSIffhv0sVZup6pA==",
      "dev": true
    }
  }
}
